
Microsoft Visual Studio Solution File, Format Version 12.00
# Visual Studio Version 17
VisualStudioVersion = 17.9.34315.223
MinimumVisualStudioVersion = 10.0.40219.1
Project("{F2A71F9B-5D33-465A-A702-920D77279786}") = "console.raytracer", "console.raytracer\console.raytracer.fsproj", "{EE27D40B-F06B-4838-A468-71632035B778}"
EndProject
Global
	GlobalSection(SolutionConfigurationPlatforms) = preSolution
		Debug|Any CPU = Debug|Any CPU
		Release|Any CPU = Release|Any CPU
	EndGlobalSection
	GlobalSection(ProjectConfigurationPlatforms) = postSolution
		{EE27D40B-F06B-4838-A468-71632035B778}.Debug|Any CPU.ActiveCfg = Debug|Any CPU
		{EE27D40B-F06B-4838-A468-71632035B778}.Debug|Any CPU.Build.0 = Debug|Any CPU
		{EE27D40B-F06B-4838-A468-71632035B778}.Release|Any CPU.ActiveCfg = Release|Any CPU
		{EE27D40B-F06B-4838-A468-71632035B778}.Release|Any CPU.Build.0 = Release|Any CPU
	EndGlobalSection
	GlobalSection(SolutionProperties) = preSolution
		HideSolutionNode = FALSE
	EndGlobalSection
	GlobalSection(ExtensibilityGlobals) = postSolution
		SolutionGuid = {2BCFE08A-2482-4B66-894F-D2134DB3BDE2}
	EndGlobalSection
EndGlobal
